// !$*UTF8*$!
{
	archiveVersion = 1;
	classes = {
	};
	objectVersion = 56;
	objects = {

/* Begin PBXBuildFile section */
		C11FED46297106B300E42166 /* antsApp.swift in Sources */ = {isa = PBXBuildFile; fileRef = C11FED45297106B300E42166 /* antsApp.swift */; };
		C11FED48297106B300E42166 /* ContentView.swift in Sources */ = {isa = PBXBuildFile; fileRef = C11FED47297106B300E42166 /* ContentView.swift */; };
		C11FED4A297106B400E42166 /* Assets.xcassets in Resources */ = {isa = PBXBuildFile; fileRef = C11FED49297106B400E42166 /* Assets.xcassets */; };
		C11FED4D297106B400E42166 /* Preview Assets.xcassets in Resources */ = {isa = PBXBuildFile; fileRef = C11FED4C297106B400E42166 /* Preview Assets.xcassets */; };
		C11FED552971083700E42166 /* GameScene.swift in Sources */ = {isa = PBXBuildFile; fileRef = C11FED542971083700E42166 /* GameScene.swift */; };
		C11FED572971D63D00E42166 /* Ant.swift in Sources */ = {isa = PBXBuildFile; fileRef = C11FED562971D63D00E42166 /* Ant.swift */; };
/* End PBXBuildFile section */

/* Begin PBXFileReference section */
		C11FED42297106B300E42166 /* ants.app */ = {isa = PBXFileReference; explicitFileType = wrapper.application; includeInIndex = 0; path = ants.app; sourceTree = BUILT_PRODUCTS_DIR; };
		C11FED45297106B300E42166 /* antsApp.swift */ = {isa = PBXFileReference; lastKnownFileType = sourcecode.swift; path = antsApp.swift; sourceTree = "<group>"; };
		C11FED47297106B300E42166 /* ContentView.swift */ = {isa = PBXFileReference; lastKnownFileType = sourcecode.swift; path = ContentView.swift; sourceTree = "<group>"; };
		C11FED49297106B400E42166 /* Assets.xcassets */ = {isa = PBXFileReference; lastKnownFileType = folder.assetcatalog; path = Assets.xcassets; sourceTree = "<group>"; };
		C11FED4C297106B400E42166 /* Preview Assets.xcassets */ = {isa = PBXFileReference; lastKnownFileType = folder.assetcatalog; path = "Preview Assets.xcassets"; sourceTree = "<group>"; };
		C11FED4E297106B400E42166 /* ants.entitlements */ = {isa = PBXFileReference; lastKnownFileType = text.plist.entitlements; path = ants.entitlements; sourceTree = "<group>"; };
		C11FED542971083700E42166 /* GameScene.swift */ = {isa = PBXFileReference; lastKnownFileType = sourcecode.swift; path = GameScene.swift; sourceTree = "<group>"; };
		C11FED562971D63D00E42166 /* Ant.swift */ = {isa = PBXFileReference; lastKnownFileType = sourcecode.swift; path = Ant.swift; sourceTree = "<group>"; };
/* End PBXFileReference section */

/* Begin PBXFrameworksBuildPhase section */
		C11FED3F297106B300E42166 /* Frameworks */ = {
			isa = PBXFrameworksBuildPhase;
			buildActionMask = 2147483647;
			files = (
			);
			runOnlyForDeploymentPostprocessing = 0;
		};
/* End PBXFrameworksBuildPhase section */

/* Begin PBXGroup section */
		C11FED39297106B300E42166 = {
			isa = PBXGroup;
			children = (
				C11FED44297106B300E42166 /* ants */,
				C11FED43297106B300E42166 /* Products */,
			);
			sourceTree = "<group>";
		};
		C11FED43297106B300E42166 /* Products */ = {
			isa = PBXGroup;
			children = (
				C11FED42297106B300E42166 /* ants.app */,
			);
			name = Products;
			sourceTree = "<group>";
		};
		C11FED44297106B300E42166 /* ants */ = {
			isa = PBXGroup;
			children = (
				C11FED562971D63D00E42166 /* Ant.swift */,
				C11FED45297106B300E42166 /* antsApp.swift */,
				C11FED47297106B300E42166 /* ContentView.swift */,
				C11FED542971083700E42166 /* GameScene.swift */,
				C11FED49297106B400E42166 /* Assets.xcassets */,
				C11FED4E297106B400E42166 /* ants.entitlements */,
				C11FED4B297106B400E42166 /* Preview Content */,
			);
			path = ants;
			sourceTree = "<group>";
		};
		C11FED4B297106B400E42166 /* Preview Content */ = {
			isa = PBXGroup;
			children = (
				C11FED4C297106B400E42166 /* Preview Assets.xcassets */,
			);
			path = "Preview Content";
			sourceTree = "<group>";
		};
/* End PBXGroup section */

/* Begin PBXNativeTarget section */
		C11FED41297106B300E42166 /* ants */ = {
			isa = PBXNativeTarget;
			buildConfigurationList = C11FED51297106B400E42166 /* Build configuration list for PBXNativeTarget "ants" */;
			buildPhases = (
				C11FED3E297106B300E42166 /* Sources */,
				C11FED3F297106B300E42166 /* Frameworks */,
				C11FED40297106B300E42166 /* Resources */,
			);
			buildRules = (
			);
			dependencies = (
			);
			name = ants;
			productName = ants;
			productReference = C11FED42297106B300E42166 /* ants.app */;
			productType = "com.apple.product-type.application";
		};
/* End PBXNativeTarget section */

/* Begin PBXProject section */
		C11FED3A297106B300E42166 /* Project object */ = {
			isa = PBXProject;
			attributes = {
				BuildIndependentTargetsInParallel = 1;
				LastSwiftUpdateCheck = 1420;
				LastUpgradeCheck = 1420;
				TargetAttributes = {
					C11FED41297106B300E42166 = {
						CreatedOnToolsVersion = 14.2;
					};
				};
			};
			buildConfigurationList = C11FED3D297106B300E42166 /* Build configuration list for PBXProject "ants" */;
			compatibilityVersion = "Xcode 14.0";
			developmentRegion = en;
			hasScannedForEncodings = 0;
			knownRegions = (
				en,
				Base,
			);
			mainGroup = C11FED39297106B300E42166;
			productRefGroup = C11FED43297106B300E42166 /* Products */;
			projectDirPath = "";
			projectRoot = "";
			targets = (
				C11FED41297106B300E42166 /* ants */,
			);
		};
/* End PBXProject section */

/* Begin PBXResourcesBuildPhase section */
		C11FED40297106B300E42166 /* Resources */ = {
			isa = PBXResourcesBuildPhase;
			buildActionMask = 2147483647;
			files = (
				C11FED4D297106B400E42166 /* Preview Assets.xcassets in Resources */,
				C11FED4A297106B400E42166 /* Assets.xcassets in Resources */,
			);
			runOnlyForDeploymentPostprocessing = 0;
		};
/* End PBXResourcesBuildPhase section */

/* Begin PBXSourcesBuildPhase section */
		C11FED3E297106B300E42166 /* Sources */ = {
			isa = PBXSourcesBuildPhase;
			buildActionMask = 2147483647;
			files = (
				C11FED552971083700E42166 /* GameScene.swift in Sources */,
				C11FED48297106B300E42166 /* ContentView.swift in Sources */,
				C11FED46297106B300E42166 /* antsApp.swift in Sources */,
				C11FED572971D63D00E42166 /* Ant.swift in Sources */,
			);
			runOnlyForDeploymentPostprocessing = 0;
		};
/* End PBXSourcesBuildPhase section */

/* Begin XCBuildConfiguration section */
		C11FED4F297106B400E42166 /* Debug */ = {
			isa = XCBuildConfiguration;
			buildSettings = {
				ALWAYS_SEARCH_USER_PATHS = NO;
				CLANG_ANALYZER_NONNULL = YES;
				CLANG_ANALYZER_NUMBER_OBJECT_CONVERSION = YES_AGGRESSIVE;
				CLANG_CXX_LANGUAGE_STANDARD = "gnu++20";
				CLANG_ENABLE_MODULES = YES;
				CLANG_ENABLE_OBJC_ARC = YES;
				CLANG_ENABLE_OBJC_WEAK = YES;
				CLANG_WARN_BLOCK_CAPTURE_AUTORELEASING = YES;
				CLANG_WARN_BOOL_CONVERSION = YES;
				CLANG_WARN_COMMA = YES;
				CLANG_WARN_CONSTANT_CONVERSION = YES;
				CLANG_WARN_DEPRECATED_OBJC_IMPLEMENTATIONS = YES;
				CLANG_WARN_DIRECT_OBJC_ISA_USAGE = YES_ERROR;
				CLANG_WARN_DOCUMENTATION_COMMENTS = YES;
				CLANG_WARN_EMPTY_BODY = YES;
				CLANG_WARN_ENUM_CONVERSION = YES;
				CLANG_WARN_INFINITE_RECURSION = YES;
				CLANG_WARN_INT_CONVERSION = YES;
				CLANG_WARN_NON_LITERAL_NULL_CONVERSION = YES;
				CLANG_WARN_OBJC_IMPLICIT_RETAIN_SELF = YES;
				CLANG_WARN_OBJC_LITERAL_CONVERSION = YES;
				CLANG_WARN_OBJC_ROOT_CLASS = YES_ERROR;
				CLANG_WARN_QUOTED_INCLUDE_IN_FRAMEWORK_HEADER = YES;
				CLANG_WARN_RANGE_LOOP_ANALYSIS = YES;
				CLANG_WARN_STRICT_PROTOTYPES = YES;
				CLANG_WARN_SUSPICIOUS_MOVE = YES;
				CLANG_WARN_UNGUARDED_AVAILABILITY = YES_AGGRESSIVE;
				CLANG_WARN_UNREACHABLE_CODE = YES;
				CLANG_WARN__DUPLICATE_METHOD_MATCH = YES;
				COPY_PHASE_STRIP = NO;
				DEBUG_INFORMATION_FORMAT = dwarf;
				ENABLE_STRICT_OBJC_MSGSEND = YES;
				ENABLE_TESTABILITY = YES;
				GCC_C_LANGUAGE_STANDARD = gnu11;
				GCC_DYNAMIC_NO_PIC = NO;
				GCC_NO_COMMON_BLOCKS = YES;
				GCC_OPTIMIZATION_LEVEL = 0;
				GCC_PREPROCESSOR_DEFINITIONS = (
					"DEBUG=1",
					"$(inherited)",
				);
				GCC_WARN_64_TO_32_BIT_CONVERSION = YES;
				GCC_WARN_ABOUT_RETURN_TYPE = YES_ERROR;
				GCC_WARN_UNDECLARED_SELECTOR = YES;
				GCC_WARN_UNINITIALIZED_AUTOS = YES_AGGRESSIVE;
				GCC_WARN_UNUSED_FUNCTION = YES;
				GCC_WARN_UNUSED_VARIABLE = YES;
				MACOSX_DEPLOYMENT_TARGET = 13.1;
				MTL_ENABLE_DEBUG_INFO = INCLUDE_SOURCE;
				MTL_FAST_MATH = YES;
				ONLY_ACTIVE_ARCH = YES;
				SDKROOT = macosx;
				SWIFT_ACTIVE_COMPILATION_CONDITIONS = DEBUG;
				SWIFT_OPTIMIZATION_LEVEL = "-Onone";
			};
			name = Debug;
		};
		C11FED50297106B400E42166 /* Release */ = {
			isa = XCBuildConfiguration;
			buildSettings = {
				ALWAYS_SEARCH_USER_PATHS = NO;
				CLANG_ANALYZER_NONNULL = YES;
				CLANG_ANALYZER_NUMBER_OBJECT_CONVERSION = YES_AGGRESSIVE;
				CLANG_CXX_LANGUAGE_STANDARD = "gnu++20";
				CLANG_ENABLE_MODULES = YES;
				CLANG_ENABLE_OBJC_ARC = YES;
				CLANG_ENABLE_OBJC_WEAK = YES;
				CLANG_WARN_BLOCK_CAPTURE_AUTORELEASING = YES;
				CLANG_WARN_BOOL_CONVERSION = YES;
				CLANG_WARN_COMMA = YES;
				CLANG_WARN_CONSTANT_CONVERSION = YES;
				CLANG_WARN_DEPRECATED_OBJC_IMPLEMENTATIONS = YES;
				CLANG_WARN_DIRECT_OBJC_ISA_USAGE = YES_ERROR;
				CLANG_WARN_DOCUMENTATION_COMMENTS = YES;
				CLANG_WARN_EMPTY_BODY = YES;
				CLANG_WARN_ENUM_CONVERSION = YES;
				CLANG_WARN_INFINITE_RECURSION = YES;
				CLANG_WARN_INT_CONVERSION = YES;
				CLANG_WARN_NON_LITERAL_NULL_CONVERSION = YES;
				CLANG_WARN_OBJC_IMPLICIT_RETAIN_SELF = YES;
				CLANG_WARN_OBJC_LITERAL_CONVERSION = YES;
				CLANG_WARN_OBJC_ROOT_CLASS = YES_ERROR;
				CLANG_WARN_QUOTED_INCLUDE_IN_FRAMEWORK_HEADER = YES;
				CLANG_WARN_RANGE_LOOP_ANALYSIS = YES;
				CLANG_WARN_STRICT_PROTOTYPES = YES;
				CLANG_WARN_SUSPICIOUS_MOVE = YES;
				CLANG_WARN_UNGUARDED_AVAILABILITY = YES_AGGRESSIVE;
				CLANG_WARN_UNREACHABLE_CODE = YES;
				CLANG_WARN__DUPLICATE_METHOD_MATCH = YES;
				COPY_PHASE_STRIP = NO;
				DEBUG_INFORMATION_FORMAT = "dwarf-with-dsym";
				ENABLE_NS_ASSERTIONS = NO;
				ENABLE_STRICT_OBJC_MSGSEND = YES;
				GCC_C_LANGUAGE_STANDARD = gnu11;
				GCC_NO_COMMON_BLOCKS = YES;
				GCC_WARN_64_TO_32_BIT_CONVERSION = YES;
				GCC_WARN_ABOUT_RETURN_TYPE = YES_ERROR;
				GCC_WARN_UNDECLARED_SELECTOR = YES;
				GCC_WARN_UNINITIALIZED_AUTOS = YES_AGGRESSIVE;
				GCC_WARN_UNUSED_FUNCTION = YES;
				GCC_WARN_UNUSED_VARIABLE = YES;
				MACOSX_DEPLOYMENT_TARGET = 13.1;
				MTL_ENABLE_DEBUG_INFO = NO;
				MTL_FAST_MATH = YES;
				SDKROOT = macosx;
				SWIFT_COMPILATION_MODE = wholemodule;
				SWIFT_OPTIMIZATION_LEVEL = "-O";
			};
			name = Release;
		};
		C11FED52297106B400E42166 /* Debug */ = {
			isa = XCBuildConfiguration;
			buildSettings = {
				ASSETCATALOG_COMPILER_APPICON_NAME = AppIcon;
				ASSETCATALOG_COMPILER_GLOBAL_ACCENT_COLOR_NAME = AccentColor;
				CODE_SIGN_ENTITLEMENTS = ants/ants.entitlements;
				CODE_SIGN_STYLE = Automatic;
				COMBINE_HIDPI_IMAGES = YES;
				CURRENT_PROJECT_VERSION = 1;
				DEVELOPMENT_ASSET_PATHS = "\"ants/Preview Content\"";
				DEVELOPMENT_TEAM = RFDDK5QUG8;
				ENABLE_HARDENED_RUNTIME = YES;
				ENABLE_PREVIEWS = YES;
				GENERATE_INFOPLIST_FILE = YES;
				INFOPLIST_KEY_NSHumanReadableCopyright = "";
				LD_RUNPATH_SEARCH_PATHS = (
					"$(inherited)",
					"@executable_path/../Frameworks",
				);
				MARKETING_VERSION = 1.0;
				PRODUCT_BUNDLE_IDENTIFIER = com.peterichardson.ants;
				PRODUCT_NAME = "$(TARGET_NAME)";
				SWIFT_EMIT_LOC_STRINGS = YES;
				SWIFT_VERSION = 5.0;
			};
			name = Debug;
		};
		C11FED53297106B400E42166 /* Release */ = {
			isa = XCBuildConfiguration;
			buildSettings = {
				ASSETCATALOG_COMPILER_APPICON_NAME = AppIcon;
				ASSETCATALOG_COMPILER_GLOBAL_ACCENT_COLOR_NAME = AccentColor;
				CODE_SIGN_ENTITLEMENTS = ants/ants.entitlements;
				CODE_SIGN_STYLE = Automatic;
				COMBINE_HIDPI_IMAGES = YES;
				CURRENT_PROJECT_VERSION = 1;
				DEVELOPMENT_ASSET_PATHS = "\"ants/Preview Content\"";
				DEVELOPMENT_TEAM = RFDDK5QUG8;
				ENABLE_HARDENED_RUNTIME = YES;
				ENABLE_PREVIEWS = YES;
				GENERATE_INFOPLIST_FILE = YES;
				INFOPLIST_KEY_NSHumanReadableCopyright = "";
				LD_RUNPATH_SEARCH_PATHS = (
					"$(inherited)",
					"@executable_path/../Frameworks",
				);
				MARKETING_VERSION = 1.0;
				PRODUCT_BUNDLE_IDENTIFIER = com.peterichardson.ants;
				PRODUCT_NAME = "$(TARGET_NAME)";
				SWIFT_EMIT_LOC_STRINGS = YES;
				SWIFT_VERSION = 5.0;
			};
			name = Release;
		};
/* End XCBuildConfiguration section */

/* Begin XCConfigurationList section */
		C11FED3D297106B300E42166 /* Build configuration list for PBXProject "ants" */ = {
			isa = XCConfigurationList;
			buildConfigurations = (
				C11FED4F297106B400E42166 /* Debug */,
				C11FED50297106B400E42166 /* Release */,
			);
			defaultConfigurationIsVisible = 0;
			defaultConfigurationName = Release;
		};
		C11FED51297106B400E42166 /* Build configuration list for PBXNativeTarget "ants" */ = {
			isa = XCConfigurationList;
			buildConfigurations = (
				C11FED52297106B400E42166 /* Debug */,
				C11FED53297106B400E42166 /* Release */,
			);
			defaultConfigurationIsVisible = 0;
			defaultConfigurationName = Release;
		};
/* End XCConfigurationList section */
	};
	rootObject = C11FED3A297106B300E42166 /* Project object */;
}
